
Microsoft Visual Studio Solution File, Format Version 12.00
# Visual Studio Version 17
VisualStudioVersion = 17.14.36121.58 d17.14
MinimumVisualStudioVersion = 10.0.40219.1
Project("{FAE04EC0-301F-11D3-BF4B-00C04F79EFBC}") = "CustomException", "CustomException\CustomException.csproj", "{365D4857-303F-41DF-A8EE-DD435D806C79}"
EndProject
Global
	GlobalSection(SolutionConfigurationPlatforms) = preSolution
		Debug|Any CPU = Debug|Any CPU
		Release|Any CPU = Release|Any CPU
	EndGlobalSection
	GlobalSection(ProjectConfigurationPlatforms) = postSolution
		{365D4857-303F-41DF-A8EE-DD435D806C79}.Debug|Any CPU.ActiveCfg = Debug|Any CPU
		{365D4857-303F-41DF-A8EE-DD435D806C79}.Debug|Any CPU.Build.0 = Debug|Any CPU
		{365D4857-303F-41DF-A8EE-DD435D806C79}.Release|Any CPU.ActiveCfg = Release|Any CPU
		{365D4857-303F-41DF-A8EE-DD435D806C79}.Release|Any CPU.Build.0 = Release|Any CPU
	EndGlobalSection
	GlobalSection(SolutionProperties) = preSolution
		HideSolutionNode = FALSE
	EndGlobalSection
	GlobalSection(ExtensibilityGlobals) = postSolution
		SolutionGuid = {D903463D-4C79-40AC-B139-979773AEC5EC}
	EndGlobalSection
EndGlobal
