
Microsoft Visual Studio Solution File, Format Version 12.00
# Visual Studio Version 17
VisualStudioVersion = 17.14.36221.1 d17.14
MinimumVisualStudioVersion = 10.0.40219.1
Project("{FAE04EC0-301F-11D3-BF4B-00C04F79EFBC}") = "LinqOverArray", "LinqOverArray\LinqOverArray.csproj", "{07E911E3-68BF-46E2-9095-20FE26CE8C3F}"
EndProject
Global
	GlobalSection(SolutionConfigurationPlatforms) = preSolution
		Debug|Any CPU = Debug|Any CPU
		Release|Any CPU = Release|Any CPU
	EndGlobalSection
	GlobalSection(ProjectConfigurationPlatforms) = postSolution
		{07E911E3-68BF-46E2-9095-20FE26CE8C3F}.Debug|Any CPU.ActiveCfg = Debug|Any CPU
		{07E911E3-68BF-46E2-9095-20FE26CE8C3F}.Debug|Any CPU.Build.0 = Debug|Any CPU
		{07E911E3-68BF-46E2-9095-20FE26CE8C3F}.Release|Any CPU.ActiveCfg = Release|Any CPU
		{07E911E3-68BF-46E2-9095-20FE26CE8C3F}.Release|Any CPU.Build.0 = Release|Any CPU
	EndGlobalSection
	GlobalSection(SolutionProperties) = preSolution
		HideSolutionNode = FALSE
	EndGlobalSection
	GlobalSection(ExtensibilityGlobals) = postSolution
		SolutionGuid = {2380C633-1212-4A8D-BC81-6123C470C260}
	EndGlobalSection
EndGlobal
