
Microsoft Visual Studio Solution File, Format Version 12.00
# Visual Studio Version 17
VisualStudioVersion = 17.14.36202.13
MinimumVisualStudioVersion = 10.0.40219.1
Project("{FAE04EC0-301F-11D3-BF4B-00C04F79EFBC}") = "BulkyWeb", "BulkyWeb\BulkyWeb.csproj", "{69F01158-E14F-4B9C-AF00-66BF03960661}"
EndProject
Project("{FAE04EC0-301F-11D3-BF4B-00C04F79EFBC}") = "Bulky.DataAccess", "Bulky.DataAccess\Bulky.DataAccess.csproj", "{A29326D3-A35B-4372-968F-F060E2925A5B}"
EndProject
Project("{FAE04EC0-301F-11D3-BF4B-00C04F79EFBC}") = "Bulky.Models", "Bulky.Models\Bulky.Models.csproj", "{65BEDDAA-A54D-4696-BFC0-B1A1D6199C08}"
EndProject
Project("{FAE04EC0-301F-11D3-BF4B-00C04F79EFBC}") = "Bulky.Utility", "Bulky.Utility\Bulky.Utility.csproj", "{656082A7-D6CE-4C2E-8C34-3B860AC32E09}"
EndProject
Global
	GlobalSection(SolutionConfigurationPlatforms) = preSolution
		Debug|Any CPU = Debug|Any CPU
		Release|Any CPU = Release|Any CPU
	EndGlobalSection
	GlobalSection(ProjectConfigurationPlatforms) = postSolution
		{69F01158-E14F-4B9C-AF00-66BF03960661}.Debug|Any CPU.ActiveCfg = Debug|Any CPU
		{69F01158-E14F-4B9C-AF00-66BF03960661}.Debug|Any CPU.Build.0 = Debug|Any CPU
		{69F01158-E14F-4B9C-AF00-66BF03960661}.Release|Any CPU.ActiveCfg = Release|Any CPU
		{69F01158-E14F-4B9C-AF00-66BF03960661}.Release|Any CPU.Build.0 = Release|Any CPU
		{A29326D3-A35B-4372-968F-F060E2925A5B}.Debug|Any CPU.ActiveCfg = Debug|Any CPU
		{A29326D3-A35B-4372-968F-F060E2925A5B}.Debug|Any CPU.Build.0 = Debug|Any CPU
		{A29326D3-A35B-4372-968F-F060E2925A5B}.Release|Any CPU.ActiveCfg = Release|Any CPU
		{A29326D3-A35B-4372-968F-F060E2925A5B}.Release|Any CPU.Build.0 = Release|Any CPU
		{65BEDDAA-A54D-4696-BFC0-B1A1D6199C08}.Debug|Any CPU.ActiveCfg = Debug|Any CPU
		{65BEDDAA-A54D-4696-BFC0-B1A1D6199C08}.Debug|Any CPU.Build.0 = Debug|Any CPU
		{65BEDDAA-A54D-4696-BFC0-B1A1D6199C08}.Release|Any CPU.ActiveCfg = Release|Any CPU
		{65BEDDAA-A54D-4696-BFC0-B1A1D6199C08}.Release|Any CPU.Build.0 = Release|Any CPU
		{656082A7-D6CE-4C2E-8C34-3B860AC32E09}.Debug|Any CPU.ActiveCfg = Debug|Any CPU
		{656082A7-D6CE-4C2E-8C34-3B860AC32E09}.Debug|Any CPU.Build.0 = Debug|Any CPU
		{656082A7-D6CE-4C2E-8C34-3B860AC32E09}.Release|Any CPU.ActiveCfg = Release|Any CPU
		{656082A7-D6CE-4C2E-8C34-3B860AC32E09}.Release|Any CPU.Build.0 = Release|Any CPU
	EndGlobalSection
	GlobalSection(SolutionProperties) = preSolution
		HideSolutionNode = FALSE
	EndGlobalSection
	GlobalSection(ExtensibilityGlobals) = postSolution
		SolutionGuid = {8CDAABB9-E20D-4F00-BF06-02162756534B}
	EndGlobalSection
EndGlobal
