
Microsoft Visual Studio Solution File, Format Version 12.00
# Visual Studio Version 17
VisualStudioVersion = 17.14.36221.1 d17.14
MinimumVisualStudioVersion = 10.0.40219.1
Project("{FAE04EC0-301F-11D3-BF4B-00C04F79EFBC}") = "EntityRelationshipDemo", "EntityRelationshipDemo\EntityRelationshipDemo.csproj", "{12EBB055-FC30-42F7-8D89-E1D23AA93515}"
EndProject
Global
	GlobalSection(SolutionConfigurationPlatforms) = preSolution
		Debug|Any CPU = Debug|Any CPU
		Release|Any CPU = Release|Any CPU
	EndGlobalSection
	GlobalSection(ProjectConfigurationPlatforms) = postSolution
		{12EBB055-FC30-42F7-8D89-E1D23AA93515}.Debug|Any CPU.ActiveCfg = Debug|Any CPU
		{12EBB055-FC30-42F7-8D89-E1D23AA93515}.Debug|Any CPU.Build.0 = Debug|Any CPU
		{12EBB055-FC30-42F7-8D89-E1D23AA93515}.Release|Any CPU.ActiveCfg = Release|Any CPU
		{12EBB055-FC30-42F7-8D89-E1D23AA93515}.Release|Any CPU.Build.0 = Release|Any CPU
	EndGlobalSection
	GlobalSection(SolutionProperties) = preSolution
		HideSolutionNode = FALSE
	EndGlobalSection
	GlobalSection(ExtensibilityGlobals) = postSolution
		SolutionGuid = {99BC8117-EA09-423F-9539-CEA84137B8DA}
	EndGlobalSection
EndGlobal
