
Microsoft Visual Studio Solution File, Format Version 12.00
# Visual Studio Version 17
VisualStudioVersion = 17.14.36202.13 d17.14
MinimumVisualStudioVersion = 10.0.40219.1
Project("{FAE04EC0-301F-11D3-BF4B-00C04F79EFBC}") = "FunWithArrays", "FunWithArrays\FunWithArrays.csproj", "{60BAF1B7-8100-4DFB-B339-A7C21DE31993}"
EndProject
Global
	GlobalSection(SolutionConfigurationPlatforms) = preSolution
		Debug|Any CPU = Debug|Any CPU
		Release|Any CPU = Release|Any CPU
	EndGlobalSection
	GlobalSection(ProjectConfigurationPlatforms) = postSolution
		{60BAF1B7-8100-4DFB-B339-A7C21DE31993}.Debug|Any CPU.ActiveCfg = Debug|Any CPU
		{60BAF1B7-8100-4DFB-B339-A7C21DE31993}.Debug|Any CPU.Build.0 = Debug|Any CPU
		{60BAF1B7-8100-4DFB-B339-A7C21DE31993}.Release|Any CPU.ActiveCfg = Release|Any CPU
		{60BAF1B7-8100-4DFB-B339-A7C21DE31993}.Release|Any CPU.Build.0 = Release|Any CPU
	EndGlobalSection
	GlobalSection(SolutionProperties) = preSolution
		HideSolutionNode = FALSE
	EndGlobalSection
	GlobalSection(ExtensibilityGlobals) = postSolution
		SolutionGuid = {316D9540-D593-47FE-BC70-7CFD3D2BB67B}
	EndGlobalSection
EndGlobal
