
Microsoft Visual Studio Solution File, Format Version 12.00
# Visual Studio Version 17
VisualStudioVersion = 17.14.36221.1 d17.14
MinimumVisualStudioVersion = 10.0.40219.1
Project("{FAE04EC0-301F-11D3-BF4B-00C04F79EFBC}") = "SimpleIndexer", "SimpleIndexer\SimpleIndexer.csproj", "{67211C18-AA61-4731-AB17-2B23D19DCEAC}"
EndProject
Global
	GlobalSection(SolutionConfigurationPlatforms) = preSolution
		Debug|Any CPU = Debug|Any CPU
		Release|Any CPU = Release|Any CPU
	EndGlobalSection
	GlobalSection(ProjectConfigurationPlatforms) = postSolution
		{67211C18-AA61-4731-AB17-2B23D19DCEAC}.Debug|Any CPU.ActiveCfg = Debug|Any CPU
		{67211C18-AA61-4731-AB17-2B23D19DCEAC}.Debug|Any CPU.Build.0 = Debug|Any CPU
		{67211C18-AA61-4731-AB17-2B23D19DCEAC}.Release|Any CPU.ActiveCfg = Release|Any CPU
		{67211C18-AA61-4731-AB17-2B23D19DCEAC}.Release|Any CPU.Build.0 = Release|Any CPU
	EndGlobalSection
	GlobalSection(SolutionProperties) = preSolution
		HideSolutionNode = FALSE
	EndGlobalSection
	GlobalSection(ExtensibilityGlobals) = postSolution
		SolutionGuid = {CE51BD90-1B5C-4457-9B03-1A36B1DF32F5}
	EndGlobalSection
EndGlobal
