
Microsoft Visual Studio Solution File, Format Version 12.00
# Visual Studio Version 17
VisualStudioVersion = 17.14.36221.1 d17.14
MinimumVisualStudioVersion = 10.0.40219.1
Project("{FAE04EC0-301F-11D3-BF4B-00C04F79EFBC}") = "SimpleDelegates", "SimpleDelegates\SimpleDelegates.csproj", "{795059C5-8773-404B-8C5D-73924937FD85}"
EndProject
Global
	GlobalSection(SolutionConfigurationPlatforms) = preSolution
		Debug|Any CPU = Debug|Any CPU
		Release|Any CPU = Release|Any CPU
	EndGlobalSection
	GlobalSection(ProjectConfigurationPlatforms) = postSolution
		{795059C5-8773-404B-8C5D-73924937FD85}.Debug|Any CPU.ActiveCfg = Debug|Any CPU
		{795059C5-8773-404B-8C5D-73924937FD85}.Debug|Any CPU.Build.0 = Debug|Any CPU
		{795059C5-8773-404B-8C5D-73924937FD85}.Release|Any CPU.ActiveCfg = Release|Any CPU
		{795059C5-8773-404B-8C5D-73924937FD85}.Release|Any CPU.Build.0 = Release|Any CPU
	EndGlobalSection
	GlobalSection(SolutionProperties) = preSolution
		HideSolutionNode = FALSE
	EndGlobalSection
	GlobalSection(ExtensibilityGlobals) = postSolution
		SolutionGuid = {9EDB8787-D452-49BF-A96A-719C5F8B00FD}
	EndGlobalSection
EndGlobal
