
Microsoft Visual Studio Solution File, Format Version 12.00
# Visual Studio Version 17
VisualStudioVersion = 17.14.36202.13 d17.14
MinimumVisualStudioVersion = 10.0.40219.1
Project("{FAE04EC0-301F-11D3-BF4B-00C04F79EFBC}") = "FunWithPartial", "FunWithPartial\FunWithPartial.csproj", "{F18B7E38-C663-4622-B706-6165C7935E15}"
EndProject
Global
	GlobalSection(SolutionConfigurationPlatforms) = preSolution
		Debug|Any CPU = Debug|Any CPU
		Release|Any CPU = Release|Any CPU
	EndGlobalSection
	GlobalSection(ProjectConfigurationPlatforms) = postSolution
		{F18B7E38-C663-4622-B706-6165C7935E15}.Debug|Any CPU.ActiveCfg = Debug|Any CPU
		{F18B7E38-C663-4622-B706-6165C7935E15}.Debug|Any CPU.Build.0 = Debug|Any CPU
		{F18B7E38-C663-4622-B706-6165C7935E15}.Release|Any CPU.ActiveCfg = Release|Any CPU
		{F18B7E38-C663-4622-B706-6165C7935E15}.Release|Any CPU.Build.0 = Release|Any CPU
	EndGlobalSection
	GlobalSection(SolutionProperties) = preSolution
		HideSolutionNode = FALSE
	EndGlobalSection
	GlobalSection(ExtensibilityGlobals) = postSolution
		SolutionGuid = {B526AE08-3B16-448B-B53B-57818CA2E47A}
	EndGlobalSection
EndGlobal
