
Microsoft Visual Studio Solution File, Format Version 12.00
# Visual Studio Version 17
VisualStudioVersion = 17.14.36121.58 d17.14
MinimumVisualStudioVersion = 10.0.40219.1
Project("{FAE04EC0-301F-11D3-BF4B-00C04F79EFBC}") = "ObjectOverrides", "ObjectOverrides\ObjectOverrides.csproj", "{0051875C-DA55-42A0-A86B-4E12D070BA42}"
EndProject
Global
	GlobalSection(SolutionConfigurationPlatforms) = preSolution
		Debug|Any CPU = Debug|Any CPU
		Release|Any CPU = Release|Any CPU
	EndGlobalSection
	GlobalSection(ProjectConfigurationPlatforms) = postSolution
		{0051875C-DA55-42A0-A86B-4E12D070BA42}.Debug|Any CPU.ActiveCfg = Debug|Any CPU
		{0051875C-DA55-42A0-A86B-4E12D070BA42}.Debug|Any CPU.Build.0 = Debug|Any CPU
		{0051875C-DA55-42A0-A86B-4E12D070BA42}.Release|Any CPU.ActiveCfg = Release|Any CPU
		{0051875C-DA55-42A0-A86B-4E12D070BA42}.Release|Any CPU.Build.0 = Release|Any CPU
	EndGlobalSection
	GlobalSection(SolutionProperties) = preSolution
		HideSolutionNode = FALSE
	EndGlobalSection
	GlobalSection(ExtensibilityGlobals) = postSolution
		SolutionGuid = {C61DF9DA-237B-4572-B227-A19BDDDB23C5}
	EndGlobalSection
EndGlobal
