
Microsoft Visual Studio Solution File, Format Version 12.00
# Visual Studio Version 17
VisualStudioVersion = 17.14.36221.1 d17.14
MinimumVisualStudioVersion = 10.0.40219.1
Project("{FAE04EC0-301F-11D3-BF4B-00C04F79EFBC}") = "SImpleMultiThreadApp", "SImpleMultiThreadApp\SImpleMultiThreadApp.csproj", "{024089E8-E51B-4978-916C-8CD6A209FBA4}"
EndProject
Global
	GlobalSection(SolutionConfigurationPlatforms) = preSolution
		Debug|Any CPU = Debug|Any CPU
		Release|Any CPU = Release|Any CPU
	EndGlobalSection
	GlobalSection(ProjectConfigurationPlatforms) = postSolution
		{024089E8-E51B-4978-916C-8CD6A209FBA4}.Debug|Any CPU.ActiveCfg = Debug|Any CPU
		{024089E8-E51B-4978-916C-8CD6A209FBA4}.Debug|Any CPU.Build.0 = Debug|Any CPU
		{024089E8-E51B-4978-916C-8CD6A209FBA4}.Release|Any CPU.ActiveCfg = Release|Any CPU
		{024089E8-E51B-4978-916C-8CD6A209FBA4}.Release|Any CPU.Build.0 = Release|Any CPU
	EndGlobalSection
	GlobalSection(SolutionProperties) = preSolution
		HideSolutionNode = FALSE
	EndGlobalSection
	GlobalSection(ExtensibilityGlobals) = postSolution
		SolutionGuid = {DFAB94FD-4A15-4AA0-B744-1AA869E63570}
	EndGlobalSection
EndGlobal
