
Microsoft Visual Studio Solution File, Format Version 12.00
# Visual Studio Version 17
VisualStudioVersion = 17.14.36221.1 d17.14
MinimumVisualStudioVersion = 10.0.40219.1
Project("{FAE04EC0-301F-11D3-BF4B-00C04F79EFBC}") = "MiInterfaceHierarchy", "MiInterfaceHierarchy\MiInterfaceHierarchy.csproj", "{1CCFDD65-5B2D-4603-A9D8-D9100C8CDB8C}"
EndProject
Global
	GlobalSection(SolutionConfigurationPlatforms) = preSolution
		Debug|Any CPU = Debug|Any CPU
		Release|Any CPU = Release|Any CPU
	EndGlobalSection
	GlobalSection(ProjectConfigurationPlatforms) = postSolution
		{1CCFDD65-5B2D-4603-A9D8-D9100C8CDB8C}.Debug|Any CPU.ActiveCfg = Debug|Any CPU
		{1CCFDD65-5B2D-4603-A9D8-D9100C8CDB8C}.Debug|Any CPU.Build.0 = Debug|Any CPU
		{1CCFDD65-5B2D-4603-A9D8-D9100C8CDB8C}.Release|Any CPU.ActiveCfg = Release|Any CPU
		{1CCFDD65-5B2D-4603-A9D8-D9100C8CDB8C}.Release|Any CPU.Build.0 = Release|Any CPU
	EndGlobalSection
	GlobalSection(SolutionProperties) = preSolution
		HideSolutionNode = FALSE
	EndGlobalSection
	GlobalSection(ExtensibilityGlobals) = postSolution
		SolutionGuid = {DBB1C8EF-DB7E-47CC-8826-649394F0225E}
	EndGlobalSection
EndGlobal
