
Microsoft Visual Studio Solution File, Format Version 12.00
# Visual Studio Version 17
VisualStudioVersion = 17.14.36221.1 d17.14
MinimumVisualStudioVersion = 10.0.40219.1
Project("{FAE04EC0-301F-11D3-BF4B-00C04F79EFBC}") = "MyTypeViewer", "MyTypeViewer\MyTypeViewer.csproj", "{085EA9C0-E85F-44B5-9688-9F59E10469C5}"
EndProject
Global
	GlobalSection(SolutionConfigurationPlatforms) = preSolution
		Debug|Any CPU = Debug|Any CPU
		Release|Any CPU = Release|Any CPU
	EndGlobalSection
	GlobalSection(ProjectConfigurationPlatforms) = postSolution
		{085EA9C0-E85F-44B5-9688-9F59E10469C5}.Debug|Any CPU.ActiveCfg = Debug|Any CPU
		{085EA9C0-E85F-44B5-9688-9F59E10469C5}.Debug|Any CPU.Build.0 = Debug|Any CPU
		{085EA9C0-E85F-44B5-9688-9F59E10469C5}.Release|Any CPU.ActiveCfg = Release|Any CPU
		{085EA9C0-E85F-44B5-9688-9F59E10469C5}.Release|Any CPU.Build.0 = Release|Any CPU
	EndGlobalSection
	GlobalSection(SolutionProperties) = preSolution
		HideSolutionNode = FALSE
	EndGlobalSection
	GlobalSection(ExtensibilityGlobals) = postSolution
		SolutionGuid = {80536CD3-6854-486C-986E-D2A2BC634E41}
	EndGlobalSection
EndGlobal
