
Microsoft Visual Studio Solution File, Format Version 12.00
# Visual Studio Version 17
VisualStudioVersion = 17.14.36202.13 d17.14
MinimumVisualStudioVersion = 10.0.40219.1
Project("{FAE04EC0-301F-11D3-BF4B-00C04F79EFBC}") = "FunWithRecordStruct", "FunWithRecordStruct\FunWithRecordStruct.csproj", "{71AF9BE8-F141-4B33-9847-30ABB980BB2E}"
EndProject
Global
	GlobalSection(SolutionConfigurationPlatforms) = preSolution
		Debug|Any CPU = Debug|Any CPU
		Release|Any CPU = Release|Any CPU
	EndGlobalSection
	GlobalSection(ProjectConfigurationPlatforms) = postSolution
		{71AF9BE8-F141-4B33-9847-30ABB980BB2E}.Debug|Any CPU.ActiveCfg = Debug|Any CPU
		{71AF9BE8-F141-4B33-9847-30ABB980BB2E}.Debug|Any CPU.Build.0 = Debug|Any CPU
		{71AF9BE8-F141-4B33-9847-30ABB980BB2E}.Release|Any CPU.ActiveCfg = Release|Any CPU
		{71AF9BE8-F141-4B33-9847-30ABB980BB2E}.Release|Any CPU.Build.0 = Release|Any CPU
	EndGlobalSection
	GlobalSection(SolutionProperties) = preSolution
		HideSolutionNode = FALSE
	EndGlobalSection
	GlobalSection(ExtensibilityGlobals) = postSolution
		SolutionGuid = {8B651724-971B-4F5C-81BB-FC6F2F84DDC3}
	EndGlobalSection
EndGlobal
