
Microsoft Visual Studio Solution File, Format Version 12.00
# Visual Studio Version 17
VisualStudioVersion = 17.14.36202.13 d17.14
MinimumVisualStudioVersion = 10.0.40219.1
Project("{FAE04EC0-301F-11D3-BF4B-00C04F79EFBC}") = "FunWithNullableValueTypes", "FunWithNullableValueTypes\FunWithNullableValueTypes.csproj", "{334E22C9-64E6-4CCE-92F8-0EDE3DC5F609}"
EndProject
Global
	GlobalSection(SolutionConfigurationPlatforms) = preSolution
		Debug|Any CPU = Debug|Any CPU
		Release|Any CPU = Release|Any CPU
	EndGlobalSection
	GlobalSection(ProjectConfigurationPlatforms) = postSolution
		{334E22C9-64E6-4CCE-92F8-0EDE3DC5F609}.Debug|Any CPU.ActiveCfg = Debug|Any CPU
		{334E22C9-64E6-4CCE-92F8-0EDE3DC5F609}.Debug|Any CPU.Build.0 = Debug|Any CPU
		{334E22C9-64E6-4CCE-92F8-0EDE3DC5F609}.Release|Any CPU.ActiveCfg = Release|Any CPU
		{334E22C9-64E6-4CCE-92F8-0EDE3DC5F609}.Release|Any CPU.Build.0 = Release|Any CPU
	EndGlobalSection
	GlobalSection(SolutionProperties) = preSolution
		HideSolutionNode = FALSE
	EndGlobalSection
	GlobalSection(ExtensibilityGlobals) = postSolution
		SolutionGuid = {06B54E52-BFF4-4CA3-9812-B98321E8CAE7}
	EndGlobalSection
EndGlobal
