
Microsoft Visual Studio Solution File, Format Version 12.00
# Visual Studio Version 17
VisualStudioVersion = 17.14.36221.1 d17.14
MinimumVisualStudioVersion = 10.0.40219.1
Project("{FAE04EC0-301F-11D3-BF4B-00C04F79EFBC}") = "RandomAp", "RandomAp\RandomAp.csproj", "{78B32AF8-9501-4C7E-8CD0-85CCD5C9746B}"
EndProject
Global
	GlobalSection(SolutionConfigurationPlatforms) = preSolution
		Debug|Any CPU = Debug|Any CPU
		Release|Any CPU = Release|Any CPU
	EndGlobalSection
	GlobalSection(ProjectConfigurationPlatforms) = postSolution
		{78B32AF8-9501-4C7E-8CD0-85CCD5C9746B}.Debug|Any CPU.ActiveCfg = Debug|Any CPU
		{78B32AF8-9501-4C7E-8CD0-85CCD5C9746B}.Debug|Any CPU.Build.0 = Debug|Any CPU
		{78B32AF8-9501-4C7E-8CD0-85CCD5C9746B}.Release|Any CPU.ActiveCfg = Release|Any CPU
		{78B32AF8-9501-4C7E-8CD0-85CCD5C9746B}.Release|Any CPU.Build.0 = Release|Any CPU
	EndGlobalSection
	GlobalSection(SolutionProperties) = preSolution
		HideSolutionNode = FALSE
	EndGlobalSection
	GlobalSection(ExtensibilityGlobals) = postSolution
		SolutionGuid = {65ADA2C7-6710-44DD-85AD-BAEAA559C583}
	EndGlobalSection
EndGlobal
