
Microsoft Visual Studio Solution File, Format Version 12.00
# Visual Studio Version 17
VisualStudioVersion = 17.14.36202.13 d17.14
MinimumVisualStudioVersion = 10.0.40219.1
Project("{FAE04EC0-301F-11D3-BF4B-00C04F79EFBC}") = "StaticDataAndMembers", "StaticDataAndMembers\StaticDataAndMembers.csproj", "{7B606BB4-721F-45C7-B832-E89F67075888}"
EndProject
Global
	GlobalSection(SolutionConfigurationPlatforms) = preSolution
		Debug|Any CPU = Debug|Any CPU
		Release|Any CPU = Release|Any CPU
	EndGlobalSection
	GlobalSection(ProjectConfigurationPlatforms) = postSolution
		{7B606BB4-721F-45C7-B832-E89F67075888}.Debug|Any CPU.ActiveCfg = Debug|Any CPU
		{7B606BB4-721F-45C7-B832-E89F67075888}.Debug|Any CPU.Build.0 = Debug|Any CPU
		{7B606BB4-721F-45C7-B832-E89F67075888}.Release|Any CPU.ActiveCfg = Release|Any CPU
		{7B606BB4-721F-45C7-B832-E89F67075888}.Release|Any CPU.Build.0 = Release|Any CPU
	EndGlobalSection
	GlobalSection(SolutionProperties) = preSolution
		HideSolutionNode = FALSE
	EndGlobalSection
	GlobalSection(ExtensibilityGlobals) = postSolution
		SolutionGuid = {38ADAAFF-3D25-4AB5-9DE5-A3A9358AA5A1}
	EndGlobalSection
EndGlobal
